
Microsoft Visual Studio Solution File, Format Version 12.00
# Visual Studio 15
Project("{FAE04EC0-301F-11D3-BF4B-00C04F79EFBC}") = "Assembly-CSharp", "Assembly-CSharp.csproj", "{FF96679F-849D-07CE-F16C-88D54B712714}"
EndProject
Project("{FAE04EC0-301F-11D3-BF4B-00C04F79EFBC}") = "Assembly-CSharp-Editor", "Assembly-CSharp-Editor.csproj", "{F954D7C8-0504-DE8D-465A-B3E04890838E}"
EndProject
Global
	GlobalSection(SolutionConfigurationPlatforms) = preSolution
		Debug|Any CPU = Debug|Any CPU
		Release|Any CPU = Release|Any CPU
	EndGlobalSection
	GlobalSection(ProjectConfigurationPlatforms) = postSolution
		{FF96679F-849D-07CE-F16C-88D54B712714}.Debug|Any CPU.ActiveCfg = Debug|Any CPU
		{FF96679F-849D-07CE-F16C-88D54B712714}.Debug|Any CPU.Build.0 = Debug|Any CPU
		{FF96679F-849D-07CE-F16C-88D54B712714}.Release|Any CPU.ActiveCfg = Release|Any CPU
		{FF96679F-849D-07CE-F16C-88D54B712714}.Release|Any CPU.Build.0 = Release|Any CPU
		{F954D7C8-0504-DE8D-465A-B3E04890838E}.Debug|Any CPU.ActiveCfg = Debug|Any CPU
		{F954D7C8-0504-DE8D-465A-B3E04890838E}.Debug|Any CPU.Build.0 = Debug|Any CPU
		{F954D7C8-0504-DE8D-465A-B3E04890838E}.Release|Any CPU.ActiveCfg = Release|Any CPU
		{F954D7C8-0504-DE8D-465A-B3E04890838E}.Release|Any CPU.Build.0 = Release|Any CPU
	EndGlobalSection
	GlobalSection(SolutionProperties) = preSolution
		HideSolutionNode = FALSE
	EndGlobalSection
EndGlobal
